
Microsoft Visual Studio Solution File, Format Version 12.00
# Visual Studio Version 16
VisualStudioVersion = 16.0.32428.217
MinimumVisualStudioVersion = 10.0.40219.1
Project("{FAE04EC0-301F-11D3-BF4B-00C04F79EFBC}") = "Alumnos", "Alumnos\Alumnos.csproj", "{4527395C-EE9A-43A1-AA16-90DAD784C671}"
EndProject
Global
	GlobalSection(SolutionConfigurationPlatforms) = preSolution
		Debug|Any CPU = Debug|Any CPU
		Release|Any CPU = Release|Any CPU
	EndGlobalSection
	GlobalSection(ProjectConfigurationPlatforms) = postSolution
		{4527395C-EE9A-43A1-AA16-90DAD784C671}.Debug|Any CPU.ActiveCfg = Debug|Any CPU
		{4527395C-EE9A-43A1-AA16-90DAD784C671}.Debug|Any CPU.Build.0 = Debug|Any CPU
		{4527395C-EE9A-43A1-AA16-90DAD784C671}.Release|Any CPU.ActiveCfg = Release|Any CPU
		{4527395C-EE9A-43A1-AA16-90DAD784C671}.Release|Any CPU.Build.0 = Release|Any CPU
	EndGlobalSection
	GlobalSection(SolutionProperties) = preSolution
		HideSolutionNode = FALSE
	EndGlobalSection
	GlobalSection(ExtensibilityGlobals) = postSolution
		SolutionGuid = {EEC8C724-31FB-46B4-AD6E-54902E29A6F9}
	EndGlobalSection
EndGlobal
